
Microsoft Visual Studio Solution File, Format Version 12.00
# Visual Studio Version 17
VisualStudioVersion = 17.6.33829.357
MinimumVisualStudioVersion = 10.0.40219.1
Project("{FAE04EC0-301F-11D3-BF4B-00C04F79EFBC}") = "API", "API\API.csproj", "{3550CA48-D86C-4F8C-8450-592ECC4D00DC}"
EndProject
Project("{FAE04EC0-301F-11D3-BF4B-00C04F79EFBC}") = "Core", "Core\Core.csproj", "{AB5CBF81-87DE-48EF-8218-54D45CD336CD}"
EndProject
Project("{FAE04EC0-301F-11D3-BF4B-00C04F79EFBC}") = "Infrastructure", "Infrastructure\Infrastructure.csproj", "{0705BA58-1F03-423A-BBC5-AD827DB389DD}"
EndProject
Global
	GlobalSection(SolutionConfigurationPlatforms) = preSolution
		Debug|Any CPU = Debug|Any CPU
		Release|Any CPU = Release|Any CPU
	EndGlobalSection
	GlobalSection(ProjectConfigurationPlatforms) = postSolution
		{3550CA48-D86C-4F8C-8450-592ECC4D00DC}.Debug|Any CPU.ActiveCfg = Debug|Any CPU
		{3550CA48-D86C-4F8C-8450-592ECC4D00DC}.Debug|Any CPU.Build.0 = Debug|Any CPU
		{3550CA48-D86C-4F8C-8450-592ECC4D00DC}.Release|Any CPU.ActiveCfg = Release|Any CPU
		{3550CA48-D86C-4F8C-8450-592ECC4D00DC}.Release|Any CPU.Build.0 = Release|Any CPU
		{AB5CBF81-87DE-48EF-8218-54D45CD336CD}.Debug|Any CPU.ActiveCfg = Debug|Any CPU
		{AB5CBF81-87DE-48EF-8218-54D45CD336CD}.Debug|Any CPU.Build.0 = Debug|Any CPU
		{AB5CBF81-87DE-48EF-8218-54D45CD336CD}.Release|Any CPU.ActiveCfg = Release|Any CPU
		{AB5CBF81-87DE-48EF-8218-54D45CD336CD}.Release|Any CPU.Build.0 = Release|Any CPU
		{0705BA58-1F03-423A-BBC5-AD827DB389DD}.Debug|Any CPU.ActiveCfg = Debug|Any CPU
		{0705BA58-1F03-423A-BBC5-AD827DB389DD}.Debug|Any CPU.Build.0 = Debug|Any CPU
		{0705BA58-1F03-423A-BBC5-AD827DB389DD}.Release|Any CPU.ActiveCfg = Release|Any CPU
		{0705BA58-1F03-423A-BBC5-AD827DB389DD}.Release|Any CPU.Build.0 = Release|Any CPU
	EndGlobalSection
	GlobalSection(SolutionProperties) = preSolution
		HideSolutionNode = FALSE
	EndGlobalSection
	GlobalSection(ExtensibilityGlobals) = postSolution
		SolutionGuid = {6081F916-B4F6-4B7C-BA5B-8BEAFF98C779}
	EndGlobalSection
EndGlobal
